
Microsoft Visual Studio Solution File, Format Version 12.00
# Visual Studio Version 17
VisualStudioVersion = 17.12.35527.113
MinimumVisualStudioVersion = 10.0.40219.1
Project("{FAE04EC0-301F-11D3-BF4B-00C04F79EFBC}") = "proyecto_final", "proyecto_final\proyecto_final.csproj", "{7DAA8D59-76CC-4BCA-BA1E-569C0D884F4F}"
EndProject
Project("{FAE04EC0-301F-11D3-BF4B-00C04F79EFBC}") = "Dominio", "Dominio\Dominio.csproj", "{2119AA7C-BE73-4592-9EA9-B0D95F2F827A}"
EndProject
Global
	GlobalSection(SolutionConfigurationPlatforms) = preSolution
		Debug|Any CPU = Debug|Any CPU
		Release|Any CPU = Release|Any CPU
	EndGlobalSection
	GlobalSection(ProjectConfigurationPlatforms) = postSolution
		{7DAA8D59-76CC-4BCA-BA1E-569C0D884F4F}.Debug|Any CPU.ActiveCfg = Debug|Any CPU
		{7DAA8D59-76CC-4BCA-BA1E-569C0D884F4F}.Debug|Any CPU.Build.0 = Debug|Any CPU
		{7DAA8D59-76CC-4BCA-BA1E-569C0D884F4F}.Release|Any CPU.ActiveCfg = Release|Any CPU
		{7DAA8D59-76CC-4BCA-BA1E-569C0D884F4F}.Release|Any CPU.Build.0 = Release|Any CPU
		{2119AA7C-BE73-4592-9EA9-B0D95F2F827A}.Debug|Any CPU.ActiveCfg = Debug|Any CPU
		{2119AA7C-BE73-4592-9EA9-B0D95F2F827A}.Debug|Any CPU.Build.0 = Debug|Any CPU
		{2119AA7C-BE73-4592-9EA9-B0D95F2F827A}.Release|Any CPU.ActiveCfg = Release|Any CPU
		{2119AA7C-BE73-4592-9EA9-B0D95F2F827A}.Release|Any CPU.Build.0 = Release|Any CPU
	EndGlobalSection
	GlobalSection(SolutionProperties) = preSolution
		HideSolutionNode = FALSE
	EndGlobalSection
	GlobalSection(ExtensibilityGlobals) = postSolution
		SolutionGuid = {3F8C9FFB-61BD-4BB1-A04F-8D306B7D5841}
	EndGlobalSection
EndGlobal
